// !$*UTF8*$!
{
	archiveVersion = 1;
	classes = {
	};
	objectVersion = 50;
	objects = {

/* Begin PBXBuildFile section */
		245DEDAA22E40681006DDA5D /* AppDelegate.m in Sources */ = {isa = PBXBuildFile; fileRef = 245DEDA922E40681006DDA5D /* AppDelegate.m */; };
		245DEDAD22E40681006DDA5D /* ViewController.m in Sources */ = {isa = PBXBuildFile; fileRef = 245DEDAC22E40681006DDA5D /* ViewController.m */; };
		245DEDB022E40681006DDA5D /* Main.storyboard in Resources */ = {isa = PBXBuildFile; fileRef = 245DEDAE22E40681006DDA5D /* Main.storyboard */; };
		245DEDB322E40681006DDA5D /* NextgenObjectiveC.xcdatamodeld in Sources */ = {isa = PBXBuildFile; fileRef = 245DEDB122E40681006DDA5D /* NextgenObjectiveC.xcdatamodeld */; };
		245DEDB522E40683006DDA5D /* Assets.xcassets in Resources */ = {isa = PBXBuildFile; fileRef = 245DEDB422E40683006DDA5D /* Assets.xcassets */; };
		245DEDB822E40683006DDA5D /* LaunchScreen.storyboard in Resources */ = {isa = PBXBuildFile; fileRef = 245DEDB622E40683006DDA5D /* LaunchScreen.storyboard */; };
		245DEDBB22E40683006DDA5D /* main.m in Sources */ = {isa = PBXBuildFile; fileRef = 245DEDBA22E40683006DDA5D /* main.m */; };
		245DEDC422E41847006DDA5D /* ContactTableViewCell.m in Sources */ = {isa = PBXBuildFile; fileRef = 245DEDC322E41847006DDA5D /* ContactTableViewCell.m */; };
		245DEDC922E4352D006DDA5D /* SaveContactViewCtrl.m in Sources */ = {isa = PBXBuildFile; fileRef = 245DEDC822E4352D006DDA5D /* SaveContactViewCtrl.m */; };
/* End PBXBuildFile section */

/* Begin PBXFileReference section */
		245DEDA522E40681006DDA5D /* NextgenObjectiveC.app */ = {isa = PBXFileReference; explicitFileType = wrapper.application; includeInIndex = 0; path = NextgenObjectiveC.app; sourceTree = BUILT_PRODUCTS_DIR; };
		245DEDA822E40681006DDA5D /* AppDelegate.h */ = {isa = PBXFileReference; lastKnownFileType = sourcecode.c.h; path = AppDelegate.h; sourceTree = "<group>"; };
		245DEDA922E40681006DDA5D /* AppDelegate.m */ = {isa = PBXFileReference; lastKnownFileType = sourcecode.c.objc; path = AppDelegate.m; sourceTree = "<group>"; };
		245DEDAB22E40681006DDA5D /* ViewController.h */ = {isa = PBXFileReference; lastKnownFileType = sourcecode.c.h; path = ViewController.h; sourceTree = "<group>"; };
		245DEDAC22E40681006DDA5D /* ViewController.m */ = {isa = PBXFileReference; lastKnownFileType = sourcecode.c.objc; path = ViewController.m; sourceTree = "<group>"; };
		245DEDAF22E40681006DDA5D /* Base */ = {isa = PBXFileReference; lastKnownFileType = file.storyboard; name = Base; path = Base.lproj/Main.storyboard; sourceTree = "<group>"; };
		245DEDB222E40681006DDA5D /* NextgenObjectiveC.xcdatamodel */ = {isa = PBXFileReference; lastKnownFileType = wrapper.xcdatamodel; path = NextgenObjectiveC.xcdatamodel; sourceTree = "<group>"; };
		245DEDB422E40683006DDA5D /* Assets.xcassets */ = {isa = PBXFileReference; lastKnownFileType = folder.assetcatalog; path = Assets.xcassets; sourceTree = "<group>"; };
		245DEDB722E40683006DDA5D /* Base */ = {isa = PBXFileReference; lastKnownFileType = file.storyboard; name = Base; path = Base.lproj/LaunchScreen.storyboard; sourceTree = "<group>"; };
		245DEDB922E40683006DDA5D /* Info.plist */ = {isa = PBXFileReference; lastKnownFileType = text.plist.xml; path = Info.plist; sourceTree = "<group>"; };
		245DEDBA22E40683006DDA5D /* main.m */ = {isa = PBXFileReference; lastKnownFileType = sourcecode.c.objc; path = main.m; sourceTree = "<group>"; };
		245DEDC222E41847006DDA5D /* ContactTableViewCell.h */ = {isa = PBXFileReference; lastKnownFileType = sourcecode.c.h; path = ContactTableViewCell.h; sourceTree = "<group>"; };
		245DEDC322E41847006DDA5D /* ContactTableViewCell.m */ = {isa = PBXFileReference; lastKnownFileType = sourcecode.c.objc; path = ContactTableViewCell.m; sourceTree = "<group>"; };
		245DEDC722E4352D006DDA5D /* SaveContactViewCtrl.h */ = {isa = PBXFileReference; lastKnownFileType = sourcecode.c.h; path = SaveContactViewCtrl.h; sourceTree = "<group>"; };
		245DEDC822E4352D006DDA5D /* SaveContactViewCtrl.m */ = {isa = PBXFileReference; lastKnownFileType = sourcecode.c.objc; path = SaveContactViewCtrl.m; sourceTree = "<group>"; };
/* End PBXFileReference section */

/* Begin PBXFrameworksBuildPhase section */
		245DEDA222E40681006DDA5D /* Frameworks */ = {
			isa = PBXFrameworksBuildPhase;
			buildActionMask = 2147483647;
			files = (
			);
			runOnlyForDeploymentPostprocessing = 0;
		};
/* End PBXFrameworksBuildPhase section */

/* Begin PBXGroup section */
		245DED9C22E40681006DDA5D = {
			isa = PBXGroup;
			children = (
				245DEDA722E40681006DDA5D /* NextgenObjectiveC */,
				245DEDA622E40681006DDA5D /* Products */,
			);
			sourceTree = "<group>";
		};
		245DEDA622E40681006DDA5D /* Products */ = {
			isa = PBXGroup;
			children = (
				245DEDA522E40681006DDA5D /* NextgenObjectiveC.app */,
			);
			name = Products;
			sourceTree = "<group>";
		};
		245DEDA722E40681006DDA5D /* NextgenObjectiveC */ = {
			isa = PBXGroup;
			children = (
				245DEDC622E43503006DDA5D /* SaveContact */,
				245DEDC522E41CAA006DDA5D /* Contact */,
				245DEDC122E41814006DDA5D /* CustomCell */,
				245DEDA822E40681006DDA5D /* AppDelegate.h */,
				245DEDA922E40681006DDA5D /* AppDelegate.m */,
				245DEDAE22E40681006DDA5D /* Main.storyboard */,
				245DEDB422E40683006DDA5D /* Assets.xcassets */,
				245DEDB622E40683006DDA5D /* LaunchScreen.storyboard */,
				245DEDB922E40683006DDA5D /* Info.plist */,
				245DEDBA22E40683006DDA5D /* main.m */,
				245DEDB122E40681006DDA5D /* NextgenObjectiveC.xcdatamodeld */,
			);
			path = NextgenObjectiveC;
			sourceTree = "<group>";
		};
		245DEDC122E41814006DDA5D /* CustomCell */ = {
			isa = PBXGroup;
			children = (
				245DEDC222E41847006DDA5D /* ContactTableViewCell.h */,
				245DEDC322E41847006DDA5D /* ContactTableViewCell.m */,
			);
			path = CustomCell;
			sourceTree = "<group>";
		};
		245DEDC522E41CAA006DDA5D /* Contact */ = {
			isa = PBXGroup;
			children = (
				245DEDAB22E40681006DDA5D /* ViewController.h */,
				245DEDAC22E40681006DDA5D /* ViewController.m */,
			);
			path = Contact;
			sourceTree = "<group>";
		};
		245DEDC622E43503006DDA5D /* SaveContact */ = {
			isa = PBXGroup;
			children = (
				245DEDC722E4352D006DDA5D /* SaveContactViewCtrl.h */,
				245DEDC822E4352D006DDA5D /* SaveContactViewCtrl.m */,
			);
			path = SaveContact;
			sourceTree = "<group>";
		};
/* End PBXGroup section */

/* Begin PBXNativeTarget section */
		245DEDA422E40681006DDA5D /* NextgenObjectiveC */ = {
			isa = PBXNativeTarget;
			buildConfigurationList = 245DEDBE22E40683006DDA5D /* Build configuration list for PBXNativeTarget "NextgenObjectiveC" */;
			buildPhases = (
				245DEDA122E40681006DDA5D /* Sources */,
				245DEDA222E40681006DDA5D /* Frameworks */,
				245DEDA322E40681006DDA5D /* Resources */,
			);
			buildRules = (
			);
			dependencies = (
			);
			name = NextgenObjectiveC;
			productName = NextgenObjectiveC;
			productReference = 245DEDA522E40681006DDA5D /* NextgenObjectiveC.app */;
			productType = "com.apple.product-type.application";
		};
/* End PBXNativeTarget section */

/* Begin PBXProject section */
		245DED9D22E40681006DDA5D /* Project object */ = {
			isa = PBXProject;
			attributes = {
				LastUpgradeCheck = 1020;
				ORGANIZATIONNAME = Cruzze;
				TargetAttributes = {
					245DEDA422E40681006DDA5D = {
						CreatedOnToolsVersion = 10.2;
					};
				};
			};
			buildConfigurationList = 245DEDA022E40681006DDA5D /* Build configuration list for PBXProject "NextgenObjectiveC" */;
			compatibilityVersion = "Xcode 9.3";
			developmentRegion = en;
			hasScannedForEncodings = 0;
			knownRegions = (
				en,
				Base,
			);
			mainGroup = 245DED9C22E40681006DDA5D;
			productRefGroup = 245DEDA622E40681006DDA5D /* Products */;
			projectDirPath = "";
			projectRoot = "";
			targets = (
				245DEDA422E40681006DDA5D /* NextgenObjectiveC */,
			);
		};
/* End PBXProject section */

/* Begin PBXResourcesBuildPhase section */
		245DEDA322E40681006DDA5D /* Resources */ = {
			isa = PBXResourcesBuildPhase;
			buildActionMask = 2147483647;
			files = (
				245DEDB822E40683006DDA5D /* LaunchScreen.storyboard in Resources */,
				245DEDB522E40683006DDA5D /* Assets.xcassets in Resources */,
				245DEDB022E40681006DDA5D /* Main.storyboard in Resources */,
			);
			runOnlyForDeploymentPostprocessing = 0;
		};
/* End PBXResourcesBuildPhase section */

/* Begin PBXSourcesBuildPhase section */
		245DEDA122E40681006DDA5D /* Sources */ = {
			isa = PBXSourcesBuildPhase;
			buildActionMask = 2147483647;
			files = (
				245DEDAD22E40681006DDA5D /* ViewController.m in Sources */,
				245DEDAA22E40681006DDA5D /* AppDelegate.m in Sources */,
				245DEDC422E41847006DDA5D /* ContactTableViewCell.m in Sources */,
				245DEDBB22E40683006DDA5D /* main.m in Sources */,
				245DEDB322E40681006DDA5D /* NextgenObjectiveC.xcdatamodeld in Sources */,
				245DEDC922E4352D006DDA5D /* SaveContactViewCtrl.m in Sources */,
			);
			runOnlyForDeploymentPostprocessing = 0;
		};
/* End PBXSourcesBuildPhase section */

/* Begin PBXVariantGroup section */
		245DEDAE22E40681006DDA5D /* Main.storyboard */ = {
			isa = PBXVariantGroup;
			children = (
				245DEDAF22E40681006DDA5D /* Base */,
			);
			name = Main.storyboard;
			sourceTree = "<group>";
		};
		245DEDB622E40683006DDA5D /* LaunchScreen.storyboard */ = {
			isa = PBXVariantGroup;
			children = (
				245DEDB722E40683006DDA5D /* Base */,
			);
			name = LaunchScreen.storyboard;
			sourceTree = "<group>";
		};
/* End PBXVariantGroup section */

/* Begin XCBuildConfiguration section */
		245DEDBC22E40683006DDA5D /* Debug */ = {
			isa = XCBuildConfiguration;
			buildSettings = {
				ALWAYS_SEARCH_USER_PATHS = NO;
				CLANG_ANALYZER_NONNULL = YES;
				CLANG_ANALYZER_NUMBER_OBJECT_CONVERSION = YES_AGGRESSIVE;
				CLANG_CXX_LANGUAGE_STANDARD = "gnu++14";
				CLANG_CXX_LIBRARY = "libc++";
				CLANG_ENABLE_MODULES = YES;
				CLANG_ENABLE_OBJC_ARC = YES;
				CLANG_ENABLE_OBJC_WEAK = YES;
				CLANG_WARN_BLOCK_CAPTURE_AUTORELEASING = YES;
				CLANG_WARN_BOOL_CONVERSION = YES;
				CLANG_WARN_COMMA = YES;
				CLANG_WARN_CONSTANT_CONVERSION = YES;
				CLANG_WARN_DEPRECATED_OBJC_IMPLEMENTATIONS = YES;
				CLANG_WARN_DIRECT_OBJC_ISA_USAGE = YES_ERROR;
				CLANG_WARN_DOCUMENTATION_COMMENTS = YES;
				CLANG_WARN_EMPTY_BODY = YES;
				CLANG_WARN_ENUM_CONVERSION = YES;
				CLANG_WARN_INFINITE_RECURSION = YES;
				CLANG_WARN_INT_CONVERSION = YES;
				CLANG_WARN_NON_LITERAL_NULL_CONVERSION = YES;
				CLANG_WARN_OBJC_IMPLICIT_RETAIN_SELF = YES;
				CLANG_WARN_OBJC_LITERAL_CONVERSION = YES;
				CLANG_WARN_OBJC_ROOT_CLASS = YES_ERROR;
				CLANG_WARN_RANGE_LOOP_ANALYSIS = YES;
				CLANG_WARN_STRICT_PROTOTYPES = YES;
				CLANG_WARN_SUSPICIOUS_MOVE = YES;
				CLANG_WARN_UNGUARDED_AVAILABILITY = YES_AGGRESSIVE;
				CLANG_WARN_UNREACHABLE_CODE = YES;
				CLANG_WARN__DUPLICATE_METHOD_MATCH = YES;
				CODE_SIGN_IDENTITY = "iPhone Developer";
				COPY_PHASE_STRIP = NO;
				DEBUG_INFORMATION_FORMAT = dwarf;
				ENABLE_STRICT_OBJC_MSGSEND = YES;
				ENABLE_TESTABILITY = YES;
				GCC_C_LANGUAGE_STANDARD = gnu11;
				GCC_DYNAMIC_NO_PIC = NO;
				GCC_NO_COMMON_BLOCKS = YES;
				GCC_OPTIMIZATION_LEVEL = 0;
				GCC_PREPROCESSOR_DEFINITIONS = (
					"DEBUG=1",
					"$(inherited)",
				);
				GCC_WARN_64_TO_32_BIT_CONVERSION = YES;
				GCC_WARN_ABOUT_RETURN_TYPE = YES_ERROR;
				GCC_WARN_UNDECLARED_SELECTOR = YES;
				GCC_WARN_UNINITIALIZED_AUTOS = YES_AGGRESSIVE;
				GCC_WARN_UNUSED_FUNCTION = YES;
				GCC_WARN_UNUSED_VARIABLE = YES;
				IPHONEOS_DEPLOYMENT_TARGET = 12.2;
				MTL_ENABLE_DEBUG_INFO = INCLUDE_SOURCE;
				MTL_FAST_MATH = YES;
				ONLY_ACTIVE_ARCH = YES;
				SDKROOT = iphoneos;
			};
			name = Debug;
		};
		245DEDBD22E40683006DDA5D /* Release */ = {
			isa = XCBuildConfiguration;
			buildSettings = {
				ALWAYS_SEARCH_USER_PATHS = NO;
				CLANG_ANALYZER_NONNULL = YES;
				CLANG_ANALYZER_NUMBER_OBJECT_CONVERSION = YES_AGGRESSIVE;
				CLANG_CXX_LANGUAGE_STANDARD = "gnu++14";
				CLANG_CXX_LIBRARY = "libc++";
				CLANG_ENABLE_MODULES = YES;
				CLANG_ENABLE_OBJC_ARC = YES;
				CLANG_ENABLE_OBJC_WEAK = YES;
				CLANG_WARN_BLOCK_CAPTURE_AUTORELEASING = YES;
				CLANG_WARN_BOOL_CONVERSION = YES;
				CLANG_WARN_COMMA = YES;
				CLANG_WARN_CONSTANT_CONVERSION = YES;
				CLANG_WARN_DEPRECATED_OBJC_IMPLEMENTATIONS = YES;
				CLANG_WARN_DIRECT_OBJC_ISA_USAGE = YES_ERROR;
				CLANG_WARN_DOCUMENTATION_COMMENTS = YES;
				CLANG_WARN_EMPTY_BODY = YES;
				CLANG_WARN_ENUM_CONVERSION = YES;
				CLANG_WARN_INFINITE_RECURSION = YES;
				CLANG_WARN_INT_CONVERSION = YES;
				CLANG_WARN_NON_LITERAL_NULL_CONVERSION = YES;
				CLANG_WARN_OBJC_IMPLICIT_RETAIN_SELF = YES;
				CLANG_WARN_OBJC_LITERAL_CONVERSION = YES;
				CLANG_WARN_OBJC_ROOT_CLASS = YES_ERROR;
				CLANG_WARN_RANGE_LOOP_ANALYSIS = YES;
				CLANG_WARN_STRICT_PROTOTYPES = YES;
				CLANG_WARN_SUSPICIOUS_MOVE = YES;
				CLANG_WARN_UNGUARDED_AVAILABILITY = YES_AGGRESSIVE;
				CLANG_WARN_UNREACHABLE_CODE = YES;
				CLANG_WARN__DUPLICATE_METHOD_MATCH = YES;
				CODE_SIGN_IDENTITY = "iPhone Developer";
				COPY_PHASE_STRIP = NO;
				DEBUG_INFORMATION_FORMAT = "dwarf-with-dsym";
				ENABLE_NS_ASSERTIONS = NO;
				ENABLE_STRICT_OBJC_MSGSEND = YES;
				GCC_C_LANGUAGE_STANDARD = gnu11;
				GCC_NO_COMMON_BLOCKS = YES;
				GCC_WARN_64_TO_32_BIT_CONVERSION = YES;
				GCC_WARN_ABOUT_RETURN_TYPE = YES_ERROR;
				GCC_WARN_UNDECLARED_SELECTOR = YES;
				GCC_WARN_UNINITIALIZED_AUTOS = YES_AGGRESSIVE;
				GCC_WARN_UNUSED_FUNCTION = YES;
				GCC_WARN_UNUSED_VARIABLE = YES;
				IPHONEOS_DEPLOYMENT_TARGET = 12.2;
				MTL_ENABLE_DEBUG_INFO = NO;
				MTL_FAST_MATH = YES;
				SDKROOT = iphoneos;
				VALIDATE_PRODUCT = YES;
			};
			name = Release;
		};
		245DEDBF22E40683006DDA5D /* Debug */ = {
			isa = XCBuildConfiguration;
			buildSettings = {
				ASSETCATALOG_COMPILER_APPICON_NAME = AppIcon;
				CODE_SIGN_STYLE = Automatic;
				DEVELOPMENT_TEAM = 35Z7QL2TTY;
				INFOPLIST_FILE = NextgenObjectiveC/Info.plist;
				LD_RUNPATH_SEARCH_PATHS = (
					"$(inherited)",
					"@executable_path/Frameworks",
				);
				PRODUCT_BUNDLE_IDENTIFIER = com.NextgenObjectiveC;
				PRODUCT_NAME = "$(TARGET_NAME)";
				TARGETED_DEVICE_FAMILY = "1,2";
			};
			name = Debug;
		};
		245DEDC022E40683006DDA5D /* Release */ = {
			isa = XCBuildConfiguration;
			buildSettings = {
				ASSETCATALOG_COMPILER_APPICON_NAME = AppIcon;
				CODE_SIGN_STYLE = Automatic;
				DEVELOPMENT_TEAM = 35Z7QL2TTY;
				INFOPLIST_FILE = NextgenObjectiveC/Info.plist;
				LD_RUNPATH_SEARCH_PATHS = (
					"$(inherited)",
					"@executable_path/Frameworks",
				);
				PRODUCT_BUNDLE_IDENTIFIER = com.NextgenObjectiveC;
				PRODUCT_NAME = "$(TARGET_NAME)";
				TARGETED_DEVICE_FAMILY = "1,2";
			};
			name = Release;
		};
/* End XCBuildConfiguration section */

/* Begin XCConfigurationList section */
		245DEDA022E40681006DDA5D /* Build configuration list for PBXProject "NextgenObjectiveC" */ = {
			isa = XCConfigurationList;
			buildConfigurations = (
				245DEDBC22E40683006DDA5D /* Debug */,
				245DEDBD22E40683006DDA5D /* Release */,
			);
			defaultConfigurationIsVisible = 0;
			defaultConfigurationName = Release;
		};
		245DEDBE22E40683006DDA5D /* Build configuration list for PBXNativeTarget "NextgenObjectiveC" */ = {
			isa = XCConfigurationList;
			buildConfigurations = (
				245DEDBF22E40683006DDA5D /* Debug */,
				245DEDC022E40683006DDA5D /* Release */,
			);
			defaultConfigurationIsVisible = 0;
			defaultConfigurationName = Release;
		};
/* End XCConfigurationList section */

/* Begin XCVersionGroup section */
		245DEDB122E40681006DDA5D /* NextgenObjectiveC.xcdatamodeld */ = {
			isa = XCVersionGroup;
			children = (
				245DEDB222E40681006DDA5D /* NextgenObjectiveC.xcdatamodel */,
			);
			currentVersion = 245DEDB222E40681006DDA5D /* NextgenObjectiveC.xcdatamodel */;
			path = NextgenObjectiveC.xcdatamodeld;
			sourceTree = "<group>";
			versionGroupType = wrapper.xcdatamodel;
		};
/* End XCVersionGroup section */
	};
	rootObject = 245DED9D22E40681006DDA5D /* Project object */;
}
